
Microsoft Visual Studio Solution File, Format Version 12.00
# Visual Studio Version 16
VisualStudioVersion = 16.0.31019.35
MinimumVisualStudioVersion = 10.0.40219.1
Project("{FAE04EC0-301F-11D3-BF4B-00C04F79EFBC}") = "DiyetUygulamasi", "DiyetUygulamasi\DiyetUygulamasi.csproj", "{88E2B35B-CC66-4A00-B0F8-94A4BBDE334D}"
EndProject
Global
	GlobalSection(SolutionConfigurationPlatforms) = preSolution
		Debug|Any CPU = Debug|Any CPU
		Release|Any CPU = Release|Any CPU
	EndGlobalSection
	GlobalSection(ProjectConfigurationPlatforms) = postSolution
		{88E2B35B-CC66-4A00-B0F8-94A4BBDE334D}.Debug|Any CPU.ActiveCfg = Debug|Any CPU
		{88E2B35B-CC66-4A00-B0F8-94A4BBDE334D}.Debug|Any CPU.Build.0 = Debug|Any CPU
		{88E2B35B-CC66-4A00-B0F8-94A4BBDE334D}.Release|Any CPU.ActiveCfg = Release|Any CPU
		{88E2B35B-CC66-4A00-B0F8-94A4BBDE334D}.Release|Any CPU.Build.0 = Release|Any CPU
	EndGlobalSection
	GlobalSection(SolutionProperties) = preSolution
		HideSolutionNode = FALSE
	EndGlobalSection
	GlobalSection(ExtensibilityGlobals) = postSolution
		SolutionGuid = {39D2E108-872D-4252-91C6-BA3B173E92DC}
	EndGlobalSection
EndGlobal
